
Microsoft Visual Studio Solution File, Format Version 12.00
# Visual Studio 15
VisualStudioVersion = 15.0.28307.329
MinimumVisualStudioVersion = 10.0.40219.1
Project("{FAE04EC0-301F-11D3-BF4B-00C04F79EFBC}") = "Task1", "Task1\Task1.csproj", "{FD11A38C-72F9-406C-90C9-FD2B43C91D6A}"
EndProject
Project("{FAE04EC0-301F-11D3-BF4B-00C04F79EFBC}") = "Task2", "Task2\Task2.csproj", "{17D143E8-AD1F-41A8-85E5-E13739D8875C}"
EndProject
Global
	GlobalSection(SolutionConfigurationPlatforms) = preSolution
		Debug|Any CPU = Debug|Any CPU
		Release|Any CPU = Release|Any CPU
	EndGlobalSection
	GlobalSection(ProjectConfigurationPlatforms) = postSolution
		{FD11A38C-72F9-406C-90C9-FD2B43C91D6A}.Debug|Any CPU.ActiveCfg = Debug|Any CPU
		{FD11A38C-72F9-406C-90C9-FD2B43C91D6A}.Debug|Any CPU.Build.0 = Debug|Any CPU
		{FD11A38C-72F9-406C-90C9-FD2B43C91D6A}.Release|Any CPU.ActiveCfg = Release|Any CPU
		{FD11A38C-72F9-406C-90C9-FD2B43C91D6A}.Release|Any CPU.Build.0 = Release|Any CPU
		{17D143E8-AD1F-41A8-85E5-E13739D8875C}.Debug|Any CPU.ActiveCfg = Debug|Any CPU
		{17D143E8-AD1F-41A8-85E5-E13739D8875C}.Debug|Any CPU.Build.0 = Debug|Any CPU
		{17D143E8-AD1F-41A8-85E5-E13739D8875C}.Release|Any CPU.ActiveCfg = Release|Any CPU
		{17D143E8-AD1F-41A8-85E5-E13739D8875C}.Release|Any CPU.Build.0 = Release|Any CPU
	EndGlobalSection
	GlobalSection(SolutionProperties) = preSolution
		HideSolutionNode = FALSE
	EndGlobalSection
	GlobalSection(ExtensibilityGlobals) = postSolution
		SolutionGuid = {089577D5-1C68-429A-BEF1-3D90BF839C32}
	EndGlobalSection
EndGlobal
